
Microsoft Visual Studio Solution File, Format Version 12.00
# Visual Studio Version 16
VisualStudioVersion = 16.0.28922.388
MinimumVisualStudioVersion = 10.0.40219.1
Project("{9A19103F-16F7-4668-BE54-9A1E7A4F7556}") = "CalculateFunding.Common", "CalculateFunding.Common\CalculateFunding.Common.csproj", "{8FAC1C33-F3EE-470C-9B46-9C101E590474}"
EndProject
Project("{9A19103F-16F7-4668-BE54-9A1E7A4F7556}") = "CalculateFunding.Common.UnitTests", "CalculateFunding.Common.UnitTests\CalculateFunding.Common.UnitTests.csproj", "{097C0C0F-DA70-4214-A0AF-6D5DAEC0F407}"
EndProject
Project("{9A19103F-16F7-4668-BE54-9A1E7A4F7556}") = "CalculateFunding.Common.Identity", "CalculateFunding.Common.Identity\CalculateFunding.Common.Identity.csproj", "{4DE6DDEC-2BBD-4F69-BDF0-BDFECF913C3B}"
EndProject
Project("{9A19103F-16F7-4668-BE54-9A1E7A4F7556}") = "CalculateFunding.Common.Identity.UnitTests", "CalculateFunding.Common.Identity.UnitTests\CalculateFunding.Common.Identity.UnitTests.csproj", "{FC93E724-6805-4866-BDFB-F3C682DC65F4}"
EndProject
Project("{9A19103F-16F7-4668-BE54-9A1E7A4F7556}") = "CalculateFunding.Common.ApiClient", "CalculateFunding.Common.ApiClient\CalculateFunding.Common.ApiClient.csproj", "{9AC402EE-E8FB-43CB-A399-34B69B85721F}"
EndProject
Project("{2150E333-8FDC-42A3-9474-1A3956D46DE8}") = "Clients", "Clients", "{D073E35E-C8A8-4EF4-881C-D826024C4237}"
EndProject
Project("{9A19103F-16F7-4668-BE54-9A1E7A4F7556}") = "CalculateFunding.Common.ApiClient.Users", "CalculateFunding.Common.ApiClient.Users\CalculateFunding.Common.ApiClient.Users.csproj", "{4388B6E5-745D-4662-AFAD-260877F9DFAB}"
EndProject
Project("{9A19103F-16F7-4668-BE54-9A1E7A4F7556}") = "CalculateFunding.Common.ApiClient.External", "CalculateFunding.Common.ApiClient.External\CalculateFunding.Common.ApiClient.External.csproj", "{9666696A-2D54-49D5-8759-C6D5D07B996E}"
EndProject
Project("{9A19103F-16F7-4668-BE54-9A1E7A4F7556}") = "CalculateFunding.Common.Caching", "CalculateFunding.Common.Caching\CalculateFunding.Common.Caching.csproj", "{EA2A5440-ACD6-4987-ADB5-28C821EA7E8D}"
EndProject
Project("{2150E333-8FDC-42A3-9474-1A3956D46DE8}") = "DataAccess", "DataAccess", "{6D586895-4914-4C85-87ED-79B5A10D0431}"
EndProject
Project("{2150E333-8FDC-42A3-9474-1A3956D46DE8}") = "Identity", "Identity", "{0617EEE5-A7A1-4493-B8CD-D5E6F26FE3DE}"
EndProject
Project("{9A19103F-16F7-4668-BE54-9A1E7A4F7556}") = "CalculateFunding.Common.CosmosDb", "CalculateFunding.Common.CosmosDb\CalculateFunding.Common.CosmosDb.csproj", "{DA80774F-BCE5-49DB-9249-F92E1F4D4A2D}"
EndProject
Project("{9A19103F-16F7-4668-BE54-9A1E7A4F7556}") = "CalculateFunding.Common.Models", "CalculateFunding.Common.Models\CalculateFunding.Common.Models.csproj", "{7D35B8F3-94F2-48F4-8C3D-8BE80845AC9A}"
EndProject
Project("{9A19103F-16F7-4668-BE54-9A1E7A4F7556}") = "CalculateFunding.Common.ApiClient.Jobs", "CalculateFunding.Common.ApiClient.Jobs\CalculateFunding.Common.ApiClient.Jobs.csproj", "{119D438F-8AC5-4DEC-A757-98BFFBEA5F68}"
EndProject
Project("{9A19103F-16F7-4668-BE54-9A1E7A4F7556}") = "CalculateFunding.Common.WebApi", "CalculateFunding.Common.WebApi\CalculateFunding.Common.WebApi.csproj", "{46ED8AE0-0152-47F2-A600-CF7C886B66E3}"
EndProject
Project("{9A19103F-16F7-4668-BE54-9A1E7A4F7556}") = "CalculateFunding.Common.ApiClient.Bearer", "CalculateFunding.Common.ApiClient.Bearer\CalculateFunding.Common.ApiClient.Bearer.csproj", "{73B1494F-67EF-4F75-9213-1AC450B8AD8C}"
EndProject
Project("{2150E333-8FDC-42A3-9474-1A3956D46DE8}") = "Tests", "Tests", "{D157E40D-6E6C-4147-B3DB-F8D5A7D9A563}"
EndProject
Project("{9A19103F-16F7-4668-BE54-9A1E7A4F7556}") = "CalculateFunding.Common.ApiClient.Bearer.UnitTests", "CalculateFunding.Common.ApiClient.Bearer.UnitTests\CalculateFunding.Common.ApiClient.Bearer.UnitTests.csproj", "{2EA540A6-C59F-440D-87FE-2A199786B803}"
EndProject
Project("{9A19103F-16F7-4668-BE54-9A1E7A4F7556}") = "CalculateFunding.Common.ApiClient.Profiling", "CalculateFunding.Common.ApiClient.Profiling\CalculateFunding.Common.ApiClient.Profiling.csproj", "{0AE851C6-9132-423B-846E-E3DAE3B3C48E}"
EndProject
Project("{9A19103F-16F7-4668-BE54-9A1E7A4F7556}") = "CalculateFunding.Common.Storage", "CalculateFunding.Common.Storage\CalculateFunding.Common.Storage.csproj", "{D4903252-C5E9-4424-866C-BF3109914435}"
EndProject
Project("{9A19103F-16F7-4668-BE54-9A1E7A4F7556}") = "CalculateFunding.Common.ApiClient.Providers", "CalculateFunding.Common.ApiClient.Providers\CalculateFunding.Common.ApiClient.Providers.csproj", "{BE66FFEA-13AC-41B1-B0BF-F729A243EDC7}"
EndProject
Project("{9A19103F-16F7-4668-BE54-9A1E7A4F7556}") = "CalculateFunding.Common.ApiClient.Policies", "CalculateFunding.Common.ApiClient.Policies\CalculateFunding.Common.ApiClient.Policies.csproj", "{B8024EFD-E378-4561-96AE-E021DC605AF1}"
EndProject
Project("{2150E333-8FDC-42A3-9474-1A3956D46DE8}") = "TemplateMetadata", "TemplateMetadata", "{69B50017-AF22-4D2F-97E0-6202617469DB}"
EndProject
Project("{FAE04EC0-301F-11D3-BF4B-00C04F79EFBC}") = "CalculateFunding.Common.TemplateMetadata.Schema10", "CalculateFunding.Common.TemplateMetadata.Schema10\CalculateFunding.Common.TemplateMetadata.Schema10.csproj", "{8A7CAE18-76A5-4DF4-89ED-AA92FDAE3D95}"
EndProject
Project("{9A19103F-16F7-4668-BE54-9A1E7A4F7556}") = "CalculateFunding.Common.TemplateMetadata", "CalculateFunding.Common.TemplateMetadata\CalculateFunding.Common.TemplateMetadata.csproj", "{D7A4B578-F321-4F66-971A-33BC559A032B}"
EndProject
Global
	GlobalSection(SolutionConfigurationPlatforms) = preSolution
		Debug|Any CPU = Debug|Any CPU
		Release|Any CPU = Release|Any CPU
	EndGlobalSection
	GlobalSection(ProjectConfigurationPlatforms) = postSolution
		{8FAC1C33-F3EE-470C-9B46-9C101E590474}.Debug|Any CPU.ActiveCfg = Debug|Any CPU
		{8FAC1C33-F3EE-470C-9B46-9C101E590474}.Debug|Any CPU.Build.0 = Debug|Any CPU
		{8FAC1C33-F3EE-470C-9B46-9C101E590474}.Release|Any CPU.ActiveCfg = Release|Any CPU
		{8FAC1C33-F3EE-470C-9B46-9C101E590474}.Release|Any CPU.Build.0 = Release|Any CPU
		{097C0C0F-DA70-4214-A0AF-6D5DAEC0F407}.Debug|Any CPU.ActiveCfg = Debug|Any CPU
		{097C0C0F-DA70-4214-A0AF-6D5DAEC0F407}.Debug|Any CPU.Build.0 = Debug|Any CPU
		{097C0C0F-DA70-4214-A0AF-6D5DAEC0F407}.Release|Any CPU.ActiveCfg = Release|Any CPU
		{097C0C0F-DA70-4214-A0AF-6D5DAEC0F407}.Release|Any CPU.Build.0 = Release|Any CPU
		{4DE6DDEC-2BBD-4F69-BDF0-BDFECF913C3B}.Debug|Any CPU.ActiveCfg = Debug|Any CPU
		{4DE6DDEC-2BBD-4F69-BDF0-BDFECF913C3B}.Debug|Any CPU.Build.0 = Debug|Any CPU
		{4DE6DDEC-2BBD-4F69-BDF0-BDFECF913C3B}.Release|Any CPU.ActiveCfg = Release|Any CPU
		{4DE6DDEC-2BBD-4F69-BDF0-BDFECF913C3B}.Release|Any CPU.Build.0 = Release|Any CPU
		{FC93E724-6805-4866-BDFB-F3C682DC65F4}.Debug|Any CPU.ActiveCfg = Debug|Any CPU
		{FC93E724-6805-4866-BDFB-F3C682DC65F4}.Debug|Any CPU.Build.0 = Debug|Any CPU
		{FC93E724-6805-4866-BDFB-F3C682DC65F4}.Release|Any CPU.ActiveCfg = Release|Any CPU
		{FC93E724-6805-4866-BDFB-F3C682DC65F4}.Release|Any CPU.Build.0 = Release|Any CPU
		{9AC402EE-E8FB-43CB-A399-34B69B85721F}.Debug|Any CPU.ActiveCfg = Debug|Any CPU
		{9AC402EE-E8FB-43CB-A399-34B69B85721F}.Debug|Any CPU.Build.0 = Debug|Any CPU
		{9AC402EE-E8FB-43CB-A399-34B69B85721F}.Release|Any CPU.ActiveCfg = Release|Any CPU
		{9AC402EE-E8FB-43CB-A399-34B69B85721F}.Release|Any CPU.Build.0 = Release|Any CPU
		{4388B6E5-745D-4662-AFAD-260877F9DFAB}.Debug|Any CPU.ActiveCfg = Debug|Any CPU
		{4388B6E5-745D-4662-AFAD-260877F9DFAB}.Debug|Any CPU.Build.0 = Debug|Any CPU
		{4388B6E5-745D-4662-AFAD-260877F9DFAB}.Release|Any CPU.ActiveCfg = Release|Any CPU
		{4388B6E5-745D-4662-AFAD-260877F9DFAB}.Release|Any CPU.Build.0 = Release|Any CPU
		{9666696A-2D54-49D5-8759-C6D5D07B996E}.Debug|Any CPU.ActiveCfg = Debug|Any CPU
		{9666696A-2D54-49D5-8759-C6D5D07B996E}.Debug|Any CPU.Build.0 = Debug|Any CPU
		{9666696A-2D54-49D5-8759-C6D5D07B996E}.Release|Any CPU.ActiveCfg = Release|Any CPU
		{9666696A-2D54-49D5-8759-C6D5D07B996E}.Release|Any CPU.Build.0 = Release|Any CPU
		{EA2A5440-ACD6-4987-ADB5-28C821EA7E8D}.Debug|Any CPU.ActiveCfg = Debug|Any CPU
		{EA2A5440-ACD6-4987-ADB5-28C821EA7E8D}.Debug|Any CPU.Build.0 = Debug|Any CPU
		{EA2A5440-ACD6-4987-ADB5-28C821EA7E8D}.Release|Any CPU.ActiveCfg = Release|Any CPU
		{EA2A5440-ACD6-4987-ADB5-28C821EA7E8D}.Release|Any CPU.Build.0 = Release|Any CPU
		{DA80774F-BCE5-49DB-9249-F92E1F4D4A2D}.Debug|Any CPU.ActiveCfg = Debug|Any CPU
		{DA80774F-BCE5-49DB-9249-F92E1F4D4A2D}.Debug|Any CPU.Build.0 = Debug|Any CPU
		{DA80774F-BCE5-49DB-9249-F92E1F4D4A2D}.Release|Any CPU.ActiveCfg = Release|Any CPU
		{DA80774F-BCE5-49DB-9249-F92E1F4D4A2D}.Release|Any CPU.Build.0 = Release|Any CPU
		{7D35B8F3-94F2-48F4-8C3D-8BE80845AC9A}.Debug|Any CPU.ActiveCfg = Debug|Any CPU
		{7D35B8F3-94F2-48F4-8C3D-8BE80845AC9A}.Debug|Any CPU.Build.0 = Debug|Any CPU
		{7D35B8F3-94F2-48F4-8C3D-8BE80845AC9A}.Release|Any CPU.ActiveCfg = Release|Any CPU
		{7D35B8F3-94F2-48F4-8C3D-8BE80845AC9A}.Release|Any CPU.Build.0 = Release|Any CPU
		{119D438F-8AC5-4DEC-A757-98BFFBEA5F68}.Debug|Any CPU.ActiveCfg = Debug|Any CPU
		{119D438F-8AC5-4DEC-A757-98BFFBEA5F68}.Debug|Any CPU.Build.0 = Debug|Any CPU
		{119D438F-8AC5-4DEC-A757-98BFFBEA5F68}.Release|Any CPU.ActiveCfg = Release|Any CPU
		{119D438F-8AC5-4DEC-A757-98BFFBEA5F68}.Release|Any CPU.Build.0 = Release|Any CPU
		{46ED8AE0-0152-47F2-A600-CF7C886B66E3}.Debug|Any CPU.ActiveCfg = Debug|Any CPU
		{46ED8AE0-0152-47F2-A600-CF7C886B66E3}.Debug|Any CPU.Build.0 = Debug|Any CPU
		{46ED8AE0-0152-47F2-A600-CF7C886B66E3}.Release|Any CPU.ActiveCfg = Release|Any CPU
		{46ED8AE0-0152-47F2-A600-CF7C886B66E3}.Release|Any CPU.Build.0 = Release|Any CPU
		{73B1494F-67EF-4F75-9213-1AC450B8AD8C}.Debug|Any CPU.ActiveCfg = Debug|Any CPU
		{73B1494F-67EF-4F75-9213-1AC450B8AD8C}.Debug|Any CPU.Build.0 = Debug|Any CPU
		{73B1494F-67EF-4F75-9213-1AC450B8AD8C}.Release|Any CPU.ActiveCfg = Release|Any CPU
		{73B1494F-67EF-4F75-9213-1AC450B8AD8C}.Release|Any CPU.Build.0 = Release|Any CPU
		{2EA540A6-C59F-440D-87FE-2A199786B803}.Debug|Any CPU.ActiveCfg = Debug|Any CPU
		{2EA540A6-C59F-440D-87FE-2A199786B803}.Debug|Any CPU.Build.0 = Debug|Any CPU
		{2EA540A6-C59F-440D-87FE-2A199786B803}.Release|Any CPU.ActiveCfg = Release|Any CPU
		{2EA540A6-C59F-440D-87FE-2A199786B803}.Release|Any CPU.Build.0 = Release|Any CPU
		{0AE851C6-9132-423B-846E-E3DAE3B3C48E}.Debug|Any CPU.ActiveCfg = Debug|Any CPU
		{0AE851C6-9132-423B-846E-E3DAE3B3C48E}.Debug|Any CPU.Build.0 = Debug|Any CPU
		{0AE851C6-9132-423B-846E-E3DAE3B3C48E}.Release|Any CPU.ActiveCfg = Release|Any CPU
		{0AE851C6-9132-423B-846E-E3DAE3B3C48E}.Release|Any CPU.Build.0 = Release|Any CPU
		{D4903252-C5E9-4424-866C-BF3109914435}.Debug|Any CPU.ActiveCfg = Debug|Any CPU
		{D4903252-C5E9-4424-866C-BF3109914435}.Debug|Any CPU.Build.0 = Debug|Any CPU
		{D4903252-C5E9-4424-866C-BF3109914435}.Release|Any CPU.ActiveCfg = Release|Any CPU
		{D4903252-C5E9-4424-866C-BF3109914435}.Release|Any CPU.Build.0 = Release|Any CPU
		{BE66FFEA-13AC-41B1-B0BF-F729A243EDC7}.Debug|Any CPU.ActiveCfg = Debug|Any CPU
		{BE66FFEA-13AC-41B1-B0BF-F729A243EDC7}.Debug|Any CPU.Build.0 = Debug|Any CPU
		{BE66FFEA-13AC-41B1-B0BF-F729A243EDC7}.Release|Any CPU.ActiveCfg = Release|Any CPU
		{BE66FFEA-13AC-41B1-B0BF-F729A243EDC7}.Release|Any CPU.Build.0 = Release|Any CPU
		{B8024EFD-E378-4561-96AE-E021DC605AF1}.Debug|Any CPU.ActiveCfg = Debug|Any CPU
		{B8024EFD-E378-4561-96AE-E021DC605AF1}.Debug|Any CPU.Build.0 = Debug|Any CPU
		{B8024EFD-E378-4561-96AE-E021DC605AF1}.Release|Any CPU.ActiveCfg = Release|Any CPU
		{B8024EFD-E378-4561-96AE-E021DC605AF1}.Release|Any CPU.Build.0 = Release|Any CPU
		{8A7CAE18-76A5-4DF4-89ED-AA92FDAE3D95}.Debug|Any CPU.ActiveCfg = Debug|Any CPU
		{8A7CAE18-76A5-4DF4-89ED-AA92FDAE3D95}.Debug|Any CPU.Build.0 = Debug|Any CPU
		{8A7CAE18-76A5-4DF4-89ED-AA92FDAE3D95}.Release|Any CPU.ActiveCfg = Release|Any CPU
		{8A7CAE18-76A5-4DF4-89ED-AA92FDAE3D95}.Release|Any CPU.Build.0 = Release|Any CPU
		{D7A4B578-F321-4F66-971A-33BC559A032B}.Debug|Any CPU.ActiveCfg = Debug|Any CPU
		{D7A4B578-F321-4F66-971A-33BC559A032B}.Debug|Any CPU.Build.0 = Debug|Any CPU
		{D7A4B578-F321-4F66-971A-33BC559A032B}.Release|Any CPU.ActiveCfg = Release|Any CPU
		{D7A4B578-F321-4F66-971A-33BC559A032B}.Release|Any CPU.Build.0 = Release|Any CPU
	EndGlobalSection
	GlobalSection(SolutionProperties) = preSolution
		HideSolutionNode = FALSE
	EndGlobalSection
	GlobalSection(NestedProjects) = preSolution
		{097C0C0F-DA70-4214-A0AF-6D5DAEC0F407} = {D157E40D-6E6C-4147-B3DB-F8D5A7D9A563}
		{4DE6DDEC-2BBD-4F69-BDF0-BDFECF913C3B} = {0617EEE5-A7A1-4493-B8CD-D5E6F26FE3DE}
		{FC93E724-6805-4866-BDFB-F3C682DC65F4} = {0617EEE5-A7A1-4493-B8CD-D5E6F26FE3DE}
		{9AC402EE-E8FB-43CB-A399-34B69B85721F} = {D073E35E-C8A8-4EF4-881C-D826024C4237}
		{4388B6E5-745D-4662-AFAD-260877F9DFAB} = {D073E35E-C8A8-4EF4-881C-D826024C4237}
		{9666696A-2D54-49D5-8759-C6D5D07B996E} = {D073E35E-C8A8-4EF4-881C-D826024C4237}
		{EA2A5440-ACD6-4987-ADB5-28C821EA7E8D} = {6D586895-4914-4C85-87ED-79B5A10D0431}
		{DA80774F-BCE5-49DB-9249-F92E1F4D4A2D} = {6D586895-4914-4C85-87ED-79B5A10D0431}
		{119D438F-8AC5-4DEC-A757-98BFFBEA5F68} = {D073E35E-C8A8-4EF4-881C-D826024C4237}
		{73B1494F-67EF-4F75-9213-1AC450B8AD8C} = {D073E35E-C8A8-4EF4-881C-D826024C4237}
		{2EA540A6-C59F-440D-87FE-2A199786B803} = {D157E40D-6E6C-4147-B3DB-F8D5A7D9A563}
		{0AE851C6-9132-423B-846E-E3DAE3B3C48E} = {D073E35E-C8A8-4EF4-881C-D826024C4237}
		{D4903252-C5E9-4424-866C-BF3109914435} = {6D586895-4914-4C85-87ED-79B5A10D0431}
		{BE66FFEA-13AC-41B1-B0BF-F729A243EDC7} = {D073E35E-C8A8-4EF4-881C-D826024C4237}
		{B8024EFD-E378-4561-96AE-E021DC605AF1} = {D073E35E-C8A8-4EF4-881C-D826024C4237}
		{8A7CAE18-76A5-4DF4-89ED-AA92FDAE3D95} = {69B50017-AF22-4D2F-97E0-6202617469DB}
		{D7A4B578-F321-4F66-971A-33BC559A032B} = {69B50017-AF22-4D2F-97E0-6202617469DB}
	EndGlobalSection
	GlobalSection(ExtensibilityGlobals) = postSolution
		SolutionGuid = {E8C279D5-2730-46F6-A117-F8B33435997D}
	EndGlobalSection
EndGlobal
